
Microsoft Visual Studio Solution File, Format Version 12.00
# Visual Studio Version 16
VisualStudioVersion = 16.0.31410.357
MinimumVisualStudioVersion = 10.0.40219.1
Project("{FAE04EC0-301F-11D3-BF4B-00C04F79EFBC}") = "InventoryWebApp", "InventoryWebApp\InventoryWebApp.csproj", "{5E7A4ADE-6737-4BD3-9CD6-BC4117EAC2A5}"
EndProject
Global
	GlobalSection(SolutionConfigurationPlatforms) = preSolution
		Debug|Any CPU = Debug|Any CPU
		Release|Any CPU = Release|Any CPU
	EndGlobalSection
	GlobalSection(ProjectConfigurationPlatforms) = postSolution
		{5E7A4ADE-6737-4BD3-9CD6-BC4117EAC2A5}.Debug|Any CPU.ActiveCfg = Debug|Any CPU
		{5E7A4ADE-6737-4BD3-9CD6-BC4117EAC2A5}.Debug|Any CPU.Build.0 = Debug|Any CPU
		{5E7A4ADE-6737-4BD3-9CD6-BC4117EAC2A5}.Release|Any CPU.ActiveCfg = Release|Any CPU
		{5E7A4ADE-6737-4BD3-9CD6-BC4117EAC2A5}.Release|Any CPU.Build.0 = Release|Any CPU
	EndGlobalSection
	GlobalSection(SolutionProperties) = preSolution
		HideSolutionNode = FALSE
	EndGlobalSection
	GlobalSection(ExtensibilityGlobals) = postSolution
		SolutionGuid = {A90F6A20-01E5-4F3D-92CA-FEE55CC35D0A}
	EndGlobalSection
EndGlobal
